
Microsoft Visual Studio Solution File, Format Version 12.00
# Visual Studio Version 16
VisualStudioVersion = 16.0.30523.141
MinimumVisualStudioVersion = 10.0.40219.1
Project("{FAE04EC0-301F-11D3-BF4B-00C04F79EFBC}") = "QarsAngular", "QarsAngular\QarsAngular.csproj", "{0F07A5C6-AE1F-4CC8-83B7-7C223A31842C}"
EndProject
Global
	GlobalSection(SolutionConfigurationPlatforms) = preSolution
		Debug|Any CPU = Debug|Any CPU
		Release|Any CPU = Release|Any CPU
	EndGlobalSection
	GlobalSection(ProjectConfigurationPlatforms) = postSolution
		{0F07A5C6-AE1F-4CC8-83B7-7C223A31842C}.Debug|Any CPU.ActiveCfg = Debug|Any CPU
		{0F07A5C6-AE1F-4CC8-83B7-7C223A31842C}.Debug|Any CPU.Build.0 = Debug|Any CPU
		{0F07A5C6-AE1F-4CC8-83B7-7C223A31842C}.Release|Any CPU.ActiveCfg = Release|Any CPU
		{0F07A5C6-AE1F-4CC8-83B7-7C223A31842C}.Release|Any CPU.Build.0 = Release|Any CPU
	EndGlobalSection
	GlobalSection(SolutionProperties) = preSolution
		HideSolutionNode = FALSE
	EndGlobalSection
	GlobalSection(ExtensibilityGlobals) = postSolution
		SolutionGuid = {2AEB3067-9FA8-48F6-AFD2-AA47F38D076D}
	EndGlobalSection
EndGlobal
